// !$*UTF8*$!
{
	archiveVersion = 1;
	classes = {
	};
	objectVersion = 46;
	objects = {

/* Begin PBXBuildFile section */
		33D8C3BE1E74B1CE00515FB8 /* main.swift in Sources */ = {isa = PBXBuildFile; fileRef = 33D8C3BD1E74B1CE00515FB8 /* main.swift */; };
		33D8C3C51E74B25900515FB8 /* Console.swift in Sources */ = {isa = PBXBuildFile; fileRef = 33D8C3C41E74B25900515FB8 /* Console.swift */; };
		33D8C3C71E74B3A000515FB8 /* Warehouse.swift in Sources */ = {isa = PBXBuildFile; fileRef = 33D8C3C61E74B3A000515FB8 /* Warehouse.swift */; };
		33D8C3C91E74B40700515FB8 /* Item.swift in Sources */ = {isa = PBXBuildFile; fileRef = 33D8C3C81E74B40700515FB8 /* Item.swift */; };
		33D8C3CD1E74C28500515FB8 /* TheWarehouse.swift in Sources */ = {isa = PBXBuildFile; fileRef = 33D8C3CC1E74C28500515FB8 /* TheWarehouse.swift */; };
/* End PBXBuildFile section */

/* Begin PBXCopyFilesBuildPhase section */
		33D8C3B81E74B1CD00515FB8 /* CopyFiles */ = {
			isa = PBXCopyFilesBuildPhase;
			buildActionMask = 2147483647;
			dstPath = /usr/share/man/man1/;
			dstSubfolderSpec = 0;
			files = (
			);
			runOnlyForDeploymentPostprocessing = 1;
		};
/* End PBXCopyFilesBuildPhase section */

/* Begin PBXFileReference section */
		33D8C3BA1E74B1CE00515FB8 /* TheWarehouse */ = {isa = PBXFileReference; explicitFileType = "compiled.mach-o.executable"; includeInIndex = 0; path = TheWarehouse; sourceTree = BUILT_PRODUCTS_DIR; };
		33D8C3BD1E74B1CE00515FB8 /* main.swift */ = {isa = PBXFileReference; lastKnownFileType = sourcecode.swift; path = main.swift; sourceTree = "<group>"; };
		33D8C3C41E74B25900515FB8 /* Console.swift */ = {isa = PBXFileReference; fileEncoding = 4; lastKnownFileType = sourcecode.swift; path = Console.swift; sourceTree = "<group>"; };
		33D8C3C61E74B3A000515FB8 /* Warehouse.swift */ = {isa = PBXFileReference; fileEncoding = 4; lastKnownFileType = sourcecode.swift; path = Warehouse.swift; sourceTree = "<group>"; };
		33D8C3C81E74B40700515FB8 /* Item.swift */ = {isa = PBXFileReference; fileEncoding = 4; lastKnownFileType = sourcecode.swift; path = Item.swift; sourceTree = "<group>"; };
		33D8C3CC1E74C28500515FB8 /* TheWarehouse.swift */ = {isa = PBXFileReference; fileEncoding = 4; lastKnownFileType = sourcecode.swift; path = TheWarehouse.swift; sourceTree = "<group>"; };
/* End PBXFileReference section */

/* Begin PBXFrameworksBuildPhase section */
		33D8C3B71E74B1CD00515FB8 /* Frameworks */ = {
			isa = PBXFrameworksBuildPhase;
			buildActionMask = 2147483647;
			files = (
			);
			runOnlyForDeploymentPostprocessing = 0;
		};
/* End PBXFrameworksBuildPhase section */

/* Begin PBXGroup section */
		33D8C3B11E74B1CD00515FB8 = {
			isa = PBXGroup;
			children = (
				33D8C3BC1E74B1CE00515FB8 /* TheWarehouse */,
				33D8C3BB1E74B1CE00515FB8 /* Products */,
			);
			sourceTree = "<group>";
		};
		33D8C3BB1E74B1CE00515FB8 /* Products */ = {
			isa = PBXGroup;
			children = (
				33D8C3BA1E74B1CE00515FB8 /* TheWarehouse */,
			);
			name = Products;
			sourceTree = "<group>";
		};
		33D8C3BC1E74B1CE00515FB8 /* TheWarehouse */ = {
			isa = PBXGroup;
			children = (
				33D8C3BD1E74B1CE00515FB8 /* main.swift */,
				33D8C3C41E74B25900515FB8 /* Console.swift */,
				33D8C3C61E74B3A000515FB8 /* Warehouse.swift */,
				33D8C3C81E74B40700515FB8 /* Item.swift */,
				33D8C3CC1E74C28500515FB8 /* TheWarehouse.swift */,
			);
			path = TheWarehouse;
			sourceTree = "<group>";
		};
/* End PBXGroup section */

/* Begin PBXNativeTarget section */
		33D8C3B91E74B1CD00515FB8 /* TheWarehouse */ = {
			isa = PBXNativeTarget;
			buildConfigurationList = 33D8C3C11E74B1CE00515FB8 /* Build configuration list for PBXNativeTarget "TheWarehouse" */;
			buildPhases = (
				33D8C3B61E74B1CD00515FB8 /* Sources */,
				33D8C3B71E74B1CD00515FB8 /* Frameworks */,
				33D8C3B81E74B1CD00515FB8 /* CopyFiles */,
			);
			buildRules = (
			);
			dependencies = (
			);
			name = TheWarehouse;
			productName = TheWarehouse;
			productReference = 33D8C3BA1E74B1CE00515FB8 /* TheWarehouse */;
			productType = "com.apple.product-type.tool";
		};
/* End PBXNativeTarget section */

/* Begin PBXProject section */
		33D8C3B21E74B1CD00515FB8 /* Project object */ = {
			isa = PBXProject;
			attributes = {
				LastSwiftUpdateCheck = 0820;
				LastUpgradeCheck = 0820;
				ORGANIZATIONNAME = com.rsampdev;
				TargetAttributes = {
					33D8C3B91E74B1CD00515FB8 = {
						CreatedOnToolsVersion = 8.2.1;
						DevelopmentTeam = QPX29C6Z92;
						ProvisioningStyle = Automatic;
					};
				};
			};
			buildConfigurationList = 33D8C3B51E74B1CD00515FB8 /* Build configuration list for PBXProject "TheWarehouse" */;
			compatibilityVersion = "Xcode 3.2";
			developmentRegion = English;
			hasScannedForEncodings = 0;
			knownRegions = (
				en,
			);
			mainGroup = 33D8C3B11E74B1CD00515FB8;
			productRefGroup = 33D8C3BB1E74B1CE00515FB8 /* Products */;
			projectDirPath = "";
			projectRoot = "";
			targets = (
				33D8C3B91E74B1CD00515FB8 /* TheWarehouse */,
			);
		};
/* End PBXProject section */

/* Begin PBXSourcesBuildPhase section */
		33D8C3B61E74B1CD00515FB8 /* Sources */ = {
			isa = PBXSourcesBuildPhase;
			buildActionMask = 2147483647;
			files = (
				33D8C3C91E74B40700515FB8 /* Item.swift in Sources */,
				33D8C3BE1E74B1CE00515FB8 /* main.swift in Sources */,
				33D8C3C71E74B3A000515FB8 /* Warehouse.swift in Sources */,
				33D8C3C51E74B25900515FB8 /* Console.swift in Sources */,
				33D8C3CD1E74C28500515FB8 /* TheWarehouse.swift in Sources */,
			);
			runOnlyForDeploymentPostprocessing = 0;
		};
/* End PBXSourcesBuildPhase section */

/* Begin XCBuildConfiguration section */
		33D8C3BF1E74B1CE00515FB8 /* Debug */ = {
			isa = XCBuildConfiguration;
			buildSettings = {
				ALWAYS_SEARCH_USER_PATHS = NO;
				CLANG_ANALYZER_NONNULL = YES;
				CLANG_CXX_LANGUAGE_STANDARD = "gnu++0x";
				CLANG_CXX_LIBRARY = "libc++";
				CLANG_ENABLE_MODULES = YES;
				CLANG_ENABLE_OBJC_ARC = YES;
				CLANG_WARN_BOOL_CONVERSION = YES;
				CLANG_WARN_CONSTANT_CONVERSION = YES;
				CLANG_WARN_DIRECT_OBJC_ISA_USAGE = YES_ERROR;
				CLANG_WARN_DOCUMENTATION_COMMENTS = YES;
				CLANG_WARN_EMPTY_BODY = YES;
				CLANG_WARN_ENUM_CONVERSION = YES;
				CLANG_WARN_INFINITE_RECURSION = YES;
				CLANG_WARN_INT_CONVERSION = YES;
				CLANG_WARN_OBJC_ROOT_CLASS = YES_ERROR;
				CLANG_WARN_SUSPICIOUS_MOVE = YES;
				CLANG_WARN_UNREACHABLE_CODE = YES;
				CLANG_WARN__DUPLICATE_METHOD_MATCH = YES;
				CODE_SIGN_IDENTITY = "-";
				COPY_PHASE_STRIP = NO;
				DEBUG_INFORMATION_FORMAT = dwarf;
				ENABLE_STRICT_OBJC_MSGSEND = YES;
				ENABLE_TESTABILITY = YES;
				GCC_C_LANGUAGE_STANDARD = gnu99;
				GCC_DYNAMIC_NO_PIC = NO;
				GCC_NO_COMMON_BLOCKS = YES;
				GCC_OPTIMIZATION_LEVEL = 0;
				GCC_PREPROCESSOR_DEFINITIONS = (
					"DEBUG=1",
					"$(inherited)",
				);
				GCC_WARN_64_TO_32_BIT_CONVERSION = YES;
				GCC_WARN_ABOUT_RETURN_TYPE = YES_ERROR;
				GCC_WARN_UNDECLARED_SELECTOR = YES;
				GCC_WARN_UNINITIALIZED_AUTOS = YES_AGGRESSIVE;
				GCC_WARN_UNUSED_FUNCTION = YES;
				GCC_WARN_UNUSED_VARIABLE = YES;
				MACOSX_DEPLOYMENT_TARGET = 10.12;
				MTL_ENABLE_DEBUG_INFO = YES;
				ONLY_ACTIVE_ARCH = YES;
				SDKROOT = macosx;
				SWIFT_OPTIMIZATION_LEVEL = "-Onone";
			};
			name = Debug;
		};
		33D8C3C01E74B1CE00515FB8 /* Release */ = {
			isa = XCBuildConfiguration;
			buildSettings = {
				ALWAYS_SEARCH_USER_PATHS = NO;
				CLANG_ANALYZER_NONNULL = YES;
				CLANG_CXX_LANGUAGE_STANDARD = "gnu++0x";
				CLANG_CXX_LIBRARY = "libc++";
				CLANG_ENABLE_MODULES = YES;
				CLANG_ENABLE_OBJC_ARC = YES;
				CLANG_WARN_BOOL_CONVERSION = YES;
				CLANG_WARN_CONSTANT_CONVERSION = YES;
				CLANG_WARN_DIRECT_OBJC_ISA_USAGE = YES_ERROR;
				CLANG_WARN_DOCUMENTATION_COMMENTS = YES;
				CLANG_WARN_EMPTY_BODY = YES;
				CLANG_WARN_ENUM_CONVERSION = YES;
				CLANG_WARN_INFINITE_RECURSION = YES;
				CLANG_WARN_INT_CONVERSION = YES;
				CLANG_WARN_OBJC_ROOT_CLASS = YES_ERROR;
				CLANG_WARN_SUSPICIOUS_MOVE = YES;
				CLANG_WARN_UNREACHABLE_CODE = YES;
				CLANG_WARN__DUPLICATE_METHOD_MATCH = YES;
				CODE_SIGN_IDENTITY = "-";
				COPY_PHASE_STRIP = NO;
				DEBUG_INFORMATION_FORMAT = "dwarf-with-dsym";
				ENABLE_NS_ASSERTIONS = NO;
				ENABLE_STRICT_OBJC_MSGSEND = YES;
				GCC_C_LANGUAGE_STANDARD = gnu99;
				GCC_NO_COMMON_BLOCKS = YES;
				GCC_WARN_64_TO_32_BIT_CONVERSION = YES;
				GCC_WARN_ABOUT_RETURN_TYPE = YES_ERROR;
				GCC_WARN_UNDECLARED_SELECTOR = YES;
				GCC_WARN_UNINITIALIZED_AUTOS = YES_AGGRESSIVE;
				GCC_WARN_UNUSED_FUNCTION = YES;
				GCC_WARN_UNUSED_VARIABLE = YES;
				MACOSX_DEPLOYMENT_TARGET = 10.12;
				MTL_ENABLE_DEBUG_INFO = NO;
				SDKROOT = macosx;
			};
			name = Release;
		};
		33D8C3C21E74B1CE00515FB8 /* Debug */ = {
			isa = XCBuildConfiguration;
			buildSettings = {
				DEVELOPMENT_TEAM = QPX29C6Z92;
				PRODUCT_NAME = "$(TARGET_NAME)";
				SWIFT_VERSION = 3.0;
			};
			name = Debug;
		};
		33D8C3C31E74B1CE00515FB8 /* Release */ = {
			isa = XCBuildConfiguration;
			buildSettings = {
				DEVELOPMENT_TEAM = QPX29C6Z92;
				PRODUCT_NAME = "$(TARGET_NAME)";
				SWIFT_VERSION = 3.0;
			};
			name = Release;
		};
/* End XCBuildConfiguration section */

/* Begin XCConfigurationList section */
		33D8C3B51E74B1CD00515FB8 /* Build configuration list for PBXProject "TheWarehouse" */ = {
			isa = XCConfigurationList;
			buildConfigurations = (
				33D8C3BF1E74B1CE00515FB8 /* Debug */,
				33D8C3C01E74B1CE00515FB8 /* Release */,
			);
			defaultConfigurationIsVisible = 0;
			defaultConfigurationName = Release;
		};
		33D8C3C11E74B1CE00515FB8 /* Build configuration list for PBXNativeTarget "TheWarehouse" */ = {
			isa = XCConfigurationList;
			buildConfigurations = (
				33D8C3C21E74B1CE00515FB8 /* Debug */,
				33D8C3C31E74B1CE00515FB8 /* Release */,
			);
			defaultConfigurationIsVisible = 0;
		};
/* End XCConfigurationList section */
	};
	rootObject = 33D8C3B21E74B1CD00515FB8 /* Project object */;
}
